
Microsoft Visual Studio Solution File, Format Version 12.00
# Visual Studio Version 16
VisualStudioVersion = 16.0.31205.134
MinimumVisualStudioVersion = 10.0.40219.1
Project("{FAE04EC0-301F-11D3-BF4B-00C04F79EFBC}") = "lab44", "lab44.csproj", "{D9218188-0312-4FCF-9AFD-1D0C69F51938}"
EndProject
Global
	GlobalSection(SolutionConfigurationPlatforms) = preSolution
		Debug|Any CPU = Debug|Any CPU
		Release|Any CPU = Release|Any CPU
	EndGlobalSection
	GlobalSection(ProjectConfigurationPlatforms) = postSolution
		{D9218188-0312-4FCF-9AFD-1D0C69F51938}.Debug|Any CPU.ActiveCfg = Debug|Any CPU
		{D9218188-0312-4FCF-9AFD-1D0C69F51938}.Debug|Any CPU.Build.0 = Debug|Any CPU
		{D9218188-0312-4FCF-9AFD-1D0C69F51938}.Release|Any CPU.ActiveCfg = Release|Any CPU
		{D9218188-0312-4FCF-9AFD-1D0C69F51938}.Release|Any CPU.Build.0 = Release|Any CPU
	EndGlobalSection
	GlobalSection(SolutionProperties) = preSolution
		HideSolutionNode = FALSE
	EndGlobalSection
	GlobalSection(ExtensibilityGlobals) = postSolution
		SolutionGuid = {E200B87E-008F-4DDD-9CCA-65476A169AD9}
	EndGlobalSection
EndGlobal
